
Microsoft Visual Studio Solution File, Format Version 12.00
# Visual Studio Version 17
VisualStudioVersion = 17.5.002.0
MinimumVisualStudioVersion = 10.0.40219.1
Project("{2150E333-8FDC-42A3-9474-1A3956D46DE8}") = "WP_1_Data_Preparation", "WP_1_Data_Preparation", "{23CD731A-7E0B-443A-BD27-8C5C6D6C11B0}"
EndProject
Project("{9A19103F-16F7-4668-BE54-9A1E7A4F7556}") = "ProcessGrasshopperFiles", "WP_1_Data_Preparation\ProcessGrasshopperFiles\ProcessGrasshopperFiles.csproj", "{063609C6-F8B0-41A9-A375-1B5480C49E60}"
EndProject
Global
	GlobalSection(SolutionConfigurationPlatforms) = preSolution
		Debug|Any CPU = Debug|Any CPU
		Release|Any CPU = Release|Any CPU
	EndGlobalSection
	GlobalSection(ProjectConfigurationPlatforms) = postSolution
		{063609C6-F8B0-41A9-A375-1B5480C49E60}.Debug|Any CPU.ActiveCfg = Debug|Any CPU
		{063609C6-F8B0-41A9-A375-1B5480C49E60}.Debug|Any CPU.Build.0 = Debug|Any CPU
		{063609C6-F8B0-41A9-A375-1B5480C49E60}.Release|Any CPU.ActiveCfg = Release|Any CPU
		{063609C6-F8B0-41A9-A375-1B5480C49E60}.Release|Any CPU.Build.0 = Release|Any CPU
	EndGlobalSection
	GlobalSection(SolutionProperties) = preSolution
		HideSolutionNode = FALSE
	EndGlobalSection
	GlobalSection(NestedProjects) = preSolution
		{063609C6-F8B0-41A9-A375-1B5480C49E60} = {23CD731A-7E0B-443A-BD27-8C5C6D6C11B0}
	EndGlobalSection
	GlobalSection(ExtensibilityGlobals) = postSolution
		SolutionGuid = {4145A54A-76A9-4BD3-838A-F599F2AB7084}
	EndGlobalSection
EndGlobal
